{
  "name": "config-manager-demo",
  "version": "1.0.0",
  "lockfileVersion": 2,
  "requires": true,
  "packages": {
    "": {
      "name": "config-manager-demo",
      "version": "1.0.0",
      "license": "ISC",
      "dependencies": {
        "config-manager": "github:aliisright/config-manager-nodejs"
      }
    },
    "node_modules/config-manager": {
      "version": "0.0.1",
      "resolved": "git+ssh://git@github.com/aliisright/config-manager-nodejs.git#a94c4b54eb07c8fdb04af8aae338f9b80cdb0af2",
      "dependencies": {
        "fs": "^0.0.1-security",
        "lodash": "4.17.21"
      }
    },
    "node_modules/fs": {
      "version": "0.0.1-security",
      "resolved": "https://registry.npmjs.org/fs/-/fs-0.0.1-security.tgz",
      "integrity": "sha1-invTcYa23d84E/I4WLV+yq9eQdQ="
    },
    "node_modules/lodash": {
      "version": "4.17.21",
      "resolved": "https://registry.npmjs.org/lodash/-/lodash-4.17.21.tgz",
      "integrity": "sha512-v2kDEe57lecTulaDIuNTPy3Ry4gLGJ6Z1O3vE1krgXZNrsQ+LFTGHVxVjcXPs17LhbZVGedAJv8XZ1tvj5FvSg=="
    }
  },
  "dependencies": {
    "config-manager": {
      "version": "git+ssh://git@github.com/aliisright/config-manager-nodejs.git#a94c4b54eb07c8fdb04af8aae338f9b80cdb0af2",
      "from": "config-manager@github:aliisright/config-manager-nodejs",
      "requires": {
        "fs": "^0.0.1-security",
        "lodash": "4.17.21"
      }
    },
    "fs": {
      "version": "0.0.1-security",
      "resolved": "https://registry.npmjs.org/fs/-/fs-0.0.1-security.tgz",
      "integrity": "sha1-invTcYa23d84E/I4WLV+yq9eQdQ="
    },
    "lodash": {
      "version": "4.17.21",
      "resolved": "https://registry.npmjs.org/lodash/-/lodash-4.17.21.tgz",
      "integrity": "sha512-v2kDEe57lecTulaDIuNTPy3Ry4gLGJ6Z1O3vE1krgXZNrsQ+LFTGHVxVjcXPs17LhbZVGedAJv8XZ1tvj5FvSg=="
    }
  }
}
